
Microsoft Visual Studio Solution File, Format Version 12.00
# Visual Studio Version 17
VisualStudioVersion = 17.14.36616.10 d17.14
MinimumVisualStudioVersion = 10.0.40219.1
Project("{FAE04EC0-301F-11D3-BF4B-00C04F79EFBC}") = "Labirintus_jatek", "Labirintus_jatek\Labirintus_jatek.csproj", "{2037B5AF-23B2-490E-A03E-C4DF083E95F6}"
EndProject
Global
	GlobalSection(SolutionConfigurationPlatforms) = preSolution
		Debug|Any CPU = Debug|Any CPU
		Release|Any CPU = Release|Any CPU
	EndGlobalSection
	GlobalSection(ProjectConfigurationPlatforms) = postSolution
		{2037B5AF-23B2-490E-A03E-C4DF083E95F6}.Debug|Any CPU.ActiveCfg = Debug|Any CPU
		{2037B5AF-23B2-490E-A03E-C4DF083E95F6}.Debug|Any CPU.Build.0 = Debug|Any CPU
		{2037B5AF-23B2-490E-A03E-C4DF083E95F6}.Release|Any CPU.ActiveCfg = Release|Any CPU
		{2037B5AF-23B2-490E-A03E-C4DF083E95F6}.Release|Any CPU.Build.0 = Release|Any CPU
	EndGlobalSection
	GlobalSection(SolutionProperties) = preSolution
		HideSolutionNode = FALSE
	EndGlobalSection
	GlobalSection(ExtensibilityGlobals) = postSolution
		SolutionGuid = {350E1038-1BBD-4BE8-9C3C-9EEFF8C8BA27}
	EndGlobalSection
EndGlobal
